
Microsoft Visual Studio Solution File, Format Version 12.00
# Visual Studio Version 17
VisualStudioVersion = 17.0.31903.59
MinimumVisualStudioVersion = 10.0.40219.1
Project("{FAE04EC0-301F-11D3-BF4B-00C04F79EFBC}") = "Test1", "BugTests\Test1.csproj", "{65076526-E7D3-4B6E-8289-ABBE21B70B19}"
EndProject
Project("{FAE04EC0-301F-11D3-BF4B-00C04F79EFBC}") = "Program", "BugPro\Program.csproj", "{1FC082B0-2B48-473B-82DE-C84C54B93FED}"
EndProject
Global
	GlobalSection(SolutionConfigurationPlatforms) = preSolution
		Debug|Any CPU = Debug|Any CPU
		Release|Any CPU = Release|Any CPU
	EndGlobalSection
	GlobalSection(SolutionProperties) = preSolution
		HideSolutionNode = FALSE
	EndGlobalSection
	GlobalSection(ProjectConfigurationPlatforms) = postSolution
		{65076526-E7D3-4B6E-8289-ABBE21B70B19}.Debug|Any CPU.ActiveCfg = Debug|Any CPU
		{65076526-E7D3-4B6E-8289-ABBE21B70B19}.Debug|Any CPU.Build.0 = Debug|Any CPU
		{65076526-E7D3-4B6E-8289-ABBE21B70B19}.Release|Any CPU.ActiveCfg = Release|Any CPU
		{65076526-E7D3-4B6E-8289-ABBE21B70B19}.Release|Any CPU.Build.0 = Release|Any CPU
		{1FC082B0-2B48-473B-82DE-C84C54B93FED}.Debug|Any CPU.ActiveCfg = Debug|Any CPU
		{1FC082B0-2B48-473B-82DE-C84C54B93FED}.Debug|Any CPU.Build.0 = Debug|Any CPU
		{1FC082B0-2B48-473B-82DE-C84C54B93FED}.Release|Any CPU.ActiveCfg = Release|Any CPU
		{1FC082B0-2B48-473B-82DE-C84C54B93FED}.Release|Any CPU.Build.0 = Release|Any CPU
	EndGlobalSection
EndGlobal
